
Microsoft Visual Studio Solution File, Format Version 12.00
# Visual Studio Version 16
VisualStudioVersion = 16.0.29009.5
MinimumVisualStudioVersion = 10.0.40219.1
Project("{9A19103F-16F7-4668-BE54-9A1E7A4F7556}") = "Blog.Infrastruct", "Blog.Infrastruct\Blog.Infrastruct.csproj", "{23E655FF-BA36-4602-BBEF-97C47369A931}"
EndProject
Project("{9A19103F-16F7-4668-BE54-9A1E7A4F7556}") = "Blog.Application", "Blog.Application\Blog.Application.csproj", "{1A1AFB41-FED8-46CC-91C7-6BE7BCA84141}"
EndProject
Project("{9A19103F-16F7-4668-BE54-9A1E7A4F7556}") = "Blog.Common", "Blog.Common\Blog.Common.csproj", "{D8C33F3C-123C-43A6-81B5-3EF2060375F6}"
EndProject
Project("{9A19103F-16F7-4668-BE54-9A1E7A4F7556}") = "Blog.Domain", "Blog.Domain\Blog.Domain.csproj", "{8930DB55-21E5-4843-9B79-EE54A387B7A6}"
EndProject
Project("{9A19103F-16F7-4668-BE54-9A1E7A4F7556}") = "Blog.Domain.Core", "Blog.Domain.Core\Blog.Domain.Core.csproj", "{B64BADB1-CD96-4C72-8AE5-9C2ADF884977}"
EndProject
Project("{9A19103F-16F7-4668-BE54-9A1E7A4F7556}") = "Blog.AOP", "Blog.AOP\Blog.AOP.csproj", "{86C7AC9F-C971-4159-AA4C-A89DAF43DD9B}"
EndProject
Project("{9A19103F-16F7-4668-BE54-9A1E7A4F7556}") = "Blog.Dapper", "Blog.Dapper\Blog.Dapper.csproj", "{631FD6BC-C782-46A0-9E15-F53918AFDFFA}"
EndProject
Project("{9A19103F-16F7-4668-BE54-9A1E7A4F7556}") = "BlogApi", "BlogApi\BlogApi.csproj", "{9C04D381-7C3B-4C69-A636-F81FC1CF4AD5}"
EndProject
Global
	GlobalSection(SolutionConfigurationPlatforms) = preSolution
		Debug|Any CPU = Debug|Any CPU
		Release|Any CPU = Release|Any CPU
	EndGlobalSection
	GlobalSection(ProjectConfigurationPlatforms) = postSolution
		{23E655FF-BA36-4602-BBEF-97C47369A931}.Debug|Any CPU.ActiveCfg = Debug|Any CPU
		{23E655FF-BA36-4602-BBEF-97C47369A931}.Debug|Any CPU.Build.0 = Debug|Any CPU
		{23E655FF-BA36-4602-BBEF-97C47369A931}.Release|Any CPU.ActiveCfg = Release|Any CPU
		{23E655FF-BA36-4602-BBEF-97C47369A931}.Release|Any CPU.Build.0 = Release|Any CPU
		{1A1AFB41-FED8-46CC-91C7-6BE7BCA84141}.Debug|Any CPU.ActiveCfg = Debug|Any CPU
		{1A1AFB41-FED8-46CC-91C7-6BE7BCA84141}.Debug|Any CPU.Build.0 = Debug|Any CPU
		{1A1AFB41-FED8-46CC-91C7-6BE7BCA84141}.Release|Any CPU.ActiveCfg = Release|Any CPU
		{1A1AFB41-FED8-46CC-91C7-6BE7BCA84141}.Release|Any CPU.Build.0 = Release|Any CPU
		{D8C33F3C-123C-43A6-81B5-3EF2060375F6}.Debug|Any CPU.ActiveCfg = Debug|Any CPU
		{D8C33F3C-123C-43A6-81B5-3EF2060375F6}.Debug|Any CPU.Build.0 = Debug|Any CPU
		{D8C33F3C-123C-43A6-81B5-3EF2060375F6}.Release|Any CPU.ActiveCfg = Release|Any CPU
		{D8C33F3C-123C-43A6-81B5-3EF2060375F6}.Release|Any CPU.Build.0 = Release|Any CPU
		{8930DB55-21E5-4843-9B79-EE54A387B7A6}.Debug|Any CPU.ActiveCfg = Debug|Any CPU
		{8930DB55-21E5-4843-9B79-EE54A387B7A6}.Debug|Any CPU.Build.0 = Debug|Any CPU
		{8930DB55-21E5-4843-9B79-EE54A387B7A6}.Release|Any CPU.ActiveCfg = Release|Any CPU
		{8930DB55-21E5-4843-9B79-EE54A387B7A6}.Release|Any CPU.Build.0 = Release|Any CPU
		{B64BADB1-CD96-4C72-8AE5-9C2ADF884977}.Debug|Any CPU.ActiveCfg = Debug|Any CPU
		{B64BADB1-CD96-4C72-8AE5-9C2ADF884977}.Debug|Any CPU.Build.0 = Debug|Any CPU
		{B64BADB1-CD96-4C72-8AE5-9C2ADF884977}.Release|Any CPU.ActiveCfg = Release|Any CPU
		{B64BADB1-CD96-4C72-8AE5-9C2ADF884977}.Release|Any CPU.Build.0 = Release|Any CPU
		{86C7AC9F-C971-4159-AA4C-A89DAF43DD9B}.Debug|Any CPU.ActiveCfg = Debug|Any CPU
		{86C7AC9F-C971-4159-AA4C-A89DAF43DD9B}.Debug|Any CPU.Build.0 = Debug|Any CPU
		{86C7AC9F-C971-4159-AA4C-A89DAF43DD9B}.Release|Any CPU.ActiveCfg = Release|Any CPU
		{86C7AC9F-C971-4159-AA4C-A89DAF43DD9B}.Release|Any CPU.Build.0 = Release|Any CPU
		{631FD6BC-C782-46A0-9E15-F53918AFDFFA}.Debug|Any CPU.ActiveCfg = Debug|Any CPU
		{631FD6BC-C782-46A0-9E15-F53918AFDFFA}.Debug|Any CPU.Build.0 = Debug|Any CPU
		{631FD6BC-C782-46A0-9E15-F53918AFDFFA}.Release|Any CPU.ActiveCfg = Release|Any CPU
		{631FD6BC-C782-46A0-9E15-F53918AFDFFA}.Release|Any CPU.Build.0 = Release|Any CPU
		{9C04D381-7C3B-4C69-A636-F81FC1CF4AD5}.Debug|Any CPU.ActiveCfg = Debug|Any CPU
		{9C04D381-7C3B-4C69-A636-F81FC1CF4AD5}.Debug|Any CPU.Build.0 = Debug|Any CPU
		{9C04D381-7C3B-4C69-A636-F81FC1CF4AD5}.Release|Any CPU.ActiveCfg = Release|Any CPU
		{9C04D381-7C3B-4C69-A636-F81FC1CF4AD5}.Release|Any CPU.Build.0 = Release|Any CPU
	EndGlobalSection
	GlobalSection(SolutionProperties) = preSolution
		HideSolutionNode = FALSE
	EndGlobalSection
	GlobalSection(ExtensibilityGlobals) = postSolution
		SolutionGuid = {20832BAB-D57E-4CF7-B90A-80F6499E5413}
	EndGlobalSection
EndGlobal
