
Microsoft Visual Studio Solution File, Format Version 12.00
# Visual Studio 15
VisualStudioVersion = 15.0.27130.2024
MinimumVisualStudioVersion = 10.0.40219.1
Project("{9A19103F-16F7-4668-BE54-9A1E7A4F7556}") = "Blog", "Blog\Blog.csproj", "{FCDC0E36-D0E6-42C9-AB46-EFFDB16901F2}"
EndProject
Project("{2150E333-8FDC-42A3-9474-1A3956D46DE8}") = "Model", "Model", "{220C4E59-DE5A-49E9-A9A6-56C7B8EB0581}"
EndProject
Project("{2150E333-8FDC-42A3-9474-1A3956D46DE8}") = "ServiceSvc", "ServiceSvc", "{B799B340-B47C-4A59-9F5B-CBDCEBA3D8CA}"
EndProject
Project("{9A19103F-16F7-4668-BE54-9A1E7A4F7556}") = "Domain", "Domain\Domain.csproj", "{6CA8BA11-2E21-481E-A888-8783E6677A19}"
EndProject
Project("{9A19103F-16F7-4668-BE54-9A1E7A4F7556}") = "ServiceSvc", "ServiceSvc\ServiceSvc.csproj", "{78A26A2A-F367-4B6E-A21B-2AA5334AD81F}"
EndProject
Project("{9A19103F-16F7-4668-BE54-9A1E7A4F7556}") = "IServiceSvc", "IServiceSvc\IServiceSvc.csproj", "{E154DEED-AF1B-43D7-9B7A-D1562CFB897F}"
EndProject
Project("{2150E333-8FDC-42A3-9474-1A3956D46DE8}") = "Common", "Common", "{9DC3FF17-DCF3-4923-97FB-440567754018}"
EndProject
Project("{2150E333-8FDC-42A3-9474-1A3956D46DE8}") = "Cache", "Cache", "{319082D7-CC1B-4085-AFF7-FBD06A64E8E8}"
EndProject
Project("{9A19103F-16F7-4668-BE54-9A1E7A4F7556}") = "CacheFactory", "CacheFactory\CacheFactory.csproj", "{17172D52-52D9-4072-B4D9-7423AAE3C34D}"
EndProject
Project("{9A19103F-16F7-4668-BE54-9A1E7A4F7556}") = "CommonHelper", "CommonHelper\CommonHelper.csproj", "{A8EEE7BA-BB9D-462E-8F4E-56627DFCC178}"
EndProject
Project("{2150E333-8FDC-42A3-9474-1A3956D46DE8}") = "DapperFactory", "DapperFactory", "{C4E92317-D23B-45EF-8915-8B4213F7209C}"
EndProject
Project("{9A19103F-16F7-4668-BE54-9A1E7A4F7556}") = "DapperFactory", "DapperFactory\DapperFactory.csproj", "{67CFC238-FEBC-4BC7-BE1E-C185C7298E27}"
EndProject
Project("{9A19103F-16F7-4668-BE54-9A1E7A4F7556}") = "DBHelper", "DBHelper\DBHelper.csproj", "{3305C9BA-CDB8-4934-8DA8-D5D36E8E3F6B}"
EndProject
Project("{9A19103F-16F7-4668-BE54-9A1E7A4F7556}") = "AOP", "AOP\AOP.csproj", "{F03D0F8C-A6F4-492B-B2DC-4B5B869F2D29}"
EndProject
Project("{9A19103F-16F7-4668-BE54-9A1E7A4F7556}") = "UnitTestProject1", "UnitTestProject1\UnitTestProject1.csproj", "{90F94CD0-99D0-471F-8085-BF3934F30219}"
EndProject
Global
	GlobalSection(SolutionConfigurationPlatforms) = preSolution
		Debug|Any CPU = Debug|Any CPU
		Release|Any CPU = Release|Any CPU
	EndGlobalSection
	GlobalSection(ProjectConfigurationPlatforms) = postSolution
		{FCDC0E36-D0E6-42C9-AB46-EFFDB16901F2}.Debug|Any CPU.ActiveCfg = Debug|Any CPU
		{FCDC0E36-D0E6-42C9-AB46-EFFDB16901F2}.Debug|Any CPU.Build.0 = Debug|Any CPU
		{FCDC0E36-D0E6-42C9-AB46-EFFDB16901F2}.Release|Any CPU.ActiveCfg = Release|Any CPU
		{FCDC0E36-D0E6-42C9-AB46-EFFDB16901F2}.Release|Any CPU.Build.0 = Release|Any CPU
		{6CA8BA11-2E21-481E-A888-8783E6677A19}.Debug|Any CPU.ActiveCfg = Debug|Any CPU
		{6CA8BA11-2E21-481E-A888-8783E6677A19}.Debug|Any CPU.Build.0 = Debug|Any CPU
		{6CA8BA11-2E21-481E-A888-8783E6677A19}.Release|Any CPU.ActiveCfg = Release|Any CPU
		{6CA8BA11-2E21-481E-A888-8783E6677A19}.Release|Any CPU.Build.0 = Release|Any CPU
		{78A26A2A-F367-4B6E-A21B-2AA5334AD81F}.Debug|Any CPU.ActiveCfg = Debug|Any CPU
		{78A26A2A-F367-4B6E-A21B-2AA5334AD81F}.Debug|Any CPU.Build.0 = Debug|Any CPU
		{78A26A2A-F367-4B6E-A21B-2AA5334AD81F}.Release|Any CPU.ActiveCfg = Release|Any CPU
		{78A26A2A-F367-4B6E-A21B-2AA5334AD81F}.Release|Any CPU.Build.0 = Release|Any CPU
		{E154DEED-AF1B-43D7-9B7A-D1562CFB897F}.Debug|Any CPU.ActiveCfg = Debug|Any CPU
		{E154DEED-AF1B-43D7-9B7A-D1562CFB897F}.Debug|Any CPU.Build.0 = Debug|Any CPU
		{E154DEED-AF1B-43D7-9B7A-D1562CFB897F}.Release|Any CPU.ActiveCfg = Release|Any CPU
		{E154DEED-AF1B-43D7-9B7A-D1562CFB897F}.Release|Any CPU.Build.0 = Release|Any CPU
		{17172D52-52D9-4072-B4D9-7423AAE3C34D}.Debug|Any CPU.ActiveCfg = Debug|Any CPU
		{17172D52-52D9-4072-B4D9-7423AAE3C34D}.Debug|Any CPU.Build.0 = Debug|Any CPU
		{17172D52-52D9-4072-B4D9-7423AAE3C34D}.Release|Any CPU.ActiveCfg = Release|Any CPU
		{17172D52-52D9-4072-B4D9-7423AAE3C34D}.Release|Any CPU.Build.0 = Release|Any CPU
		{A8EEE7BA-BB9D-462E-8F4E-56627DFCC178}.Debug|Any CPU.ActiveCfg = Debug|Any CPU
		{A8EEE7BA-BB9D-462E-8F4E-56627DFCC178}.Debug|Any CPU.Build.0 = Debug|Any CPU
		{A8EEE7BA-BB9D-462E-8F4E-56627DFCC178}.Release|Any CPU.ActiveCfg = Release|Any CPU
		{A8EEE7BA-BB9D-462E-8F4E-56627DFCC178}.Release|Any CPU.Build.0 = Release|Any CPU
		{67CFC238-FEBC-4BC7-BE1E-C185C7298E27}.Debug|Any CPU.ActiveCfg = Debug|Any CPU
		{67CFC238-FEBC-4BC7-BE1E-C185C7298E27}.Debug|Any CPU.Build.0 = Debug|Any CPU
		{67CFC238-FEBC-4BC7-BE1E-C185C7298E27}.Release|Any CPU.ActiveCfg = Release|Any CPU
		{67CFC238-FEBC-4BC7-BE1E-C185C7298E27}.Release|Any CPU.Build.0 = Release|Any CPU
		{3305C9BA-CDB8-4934-8DA8-D5D36E8E3F6B}.Debug|Any CPU.ActiveCfg = Debug|Any CPU
		{3305C9BA-CDB8-4934-8DA8-D5D36E8E3F6B}.Debug|Any CPU.Build.0 = Debug|Any CPU
		{3305C9BA-CDB8-4934-8DA8-D5D36E8E3F6B}.Release|Any CPU.ActiveCfg = Release|Any CPU
		{3305C9BA-CDB8-4934-8DA8-D5D36E8E3F6B}.Release|Any CPU.Build.0 = Release|Any CPU
		{F03D0F8C-A6F4-492B-B2DC-4B5B869F2D29}.Debug|Any CPU.ActiveCfg = Debug|Any CPU
		{F03D0F8C-A6F4-492B-B2DC-4B5B869F2D29}.Debug|Any CPU.Build.0 = Debug|Any CPU
		{F03D0F8C-A6F4-492B-B2DC-4B5B869F2D29}.Release|Any CPU.ActiveCfg = Release|Any CPU
		{F03D0F8C-A6F4-492B-B2DC-4B5B869F2D29}.Release|Any CPU.Build.0 = Release|Any CPU
		{90F94CD0-99D0-471F-8085-BF3934F30219}.Debug|Any CPU.ActiveCfg = Debug|Any CPU
		{90F94CD0-99D0-471F-8085-BF3934F30219}.Debug|Any CPU.Build.0 = Debug|Any CPU
		{90F94CD0-99D0-471F-8085-BF3934F30219}.Release|Any CPU.ActiveCfg = Release|Any CPU
		{90F94CD0-99D0-471F-8085-BF3934F30219}.Release|Any CPU.Build.0 = Release|Any CPU
	EndGlobalSection
	GlobalSection(SolutionProperties) = preSolution
		HideSolutionNode = FALSE
	EndGlobalSection
	GlobalSection(NestedProjects) = preSolution
		{6CA8BA11-2E21-481E-A888-8783E6677A19} = {220C4E59-DE5A-49E9-A9A6-56C7B8EB0581}
		{78A26A2A-F367-4B6E-A21B-2AA5334AD81F} = {B799B340-B47C-4A59-9F5B-CBDCEBA3D8CA}
		{E154DEED-AF1B-43D7-9B7A-D1562CFB897F} = {B799B340-B47C-4A59-9F5B-CBDCEBA3D8CA}
		{17172D52-52D9-4072-B4D9-7423AAE3C34D} = {319082D7-CC1B-4085-AFF7-FBD06A64E8E8}
		{A8EEE7BA-BB9D-462E-8F4E-56627DFCC178} = {9DC3FF17-DCF3-4923-97FB-440567754018}
		{67CFC238-FEBC-4BC7-BE1E-C185C7298E27} = {C4E92317-D23B-45EF-8915-8B4213F7209C}
		{3305C9BA-CDB8-4934-8DA8-D5D36E8E3F6B} = {C4E92317-D23B-45EF-8915-8B4213F7209C}
		{F03D0F8C-A6F4-492B-B2DC-4B5B869F2D29} = {C4E92317-D23B-45EF-8915-8B4213F7209C}
	EndGlobalSection
	GlobalSection(ExtensibilityGlobals) = postSolution
		SolutionGuid = {20832BAB-D57E-4CF7-B90A-80F6499E5413}
	EndGlobalSection
EndGlobal
